{
  "version": "1.0.0",
  "lockfileVersion": 1,
  "packages": {
    "@prpm/creating-claude-hooks-skill#claude": {
      "version": "1.0.0",
      "resolved": "https://registry.prpm.dev/api/v1/packages/%40prpm%2Fcreating-claude-hooks-skill/1.0.0.tar.gz",
      "integrity": "sha256-2d10ad7a10204009d73b34172a9f54e5ad0858c76581a9f9579ee0e194f94505",
      "format": "claude",
      "subtype": "skill",
      "sourceFormat": "claude",
      "sourceSubtype": "skill",
      "installedPath": ".claude/skills/creating-claude-hooks-skill/SKILL.md"
    },
    "@anthropic/frontend-design#agents.md": {
      "version": "1.0.0",
      "resolved": "https://registry.prpm.dev/api/v1/packages/%40anthropic%2Ffrontend-design/1.0.0.tar.gz",
      "integrity": "sha256-404d3d731beb8feaf0d7fff7fa967538686246cd930da612db753fa76e5fb057",
      "format": "agents.md",
      "subtype": "skill",
      "sourceFormat": "claude",
      "sourceSubtype": "skill",
      "installedPath": ".openskills/frontend-design/SKILL.md",
      "progressiveDisclosure": {
        "mode": "progressive",
        "resourceDir": ".openskills/frontend-design",
        "manifestPath": "AGENTS.md",
        "resourceName": "frontend-design",
        "resourceType": "skill",
        "skillsDir": ".openskills/frontend-design",
        "skillName": "frontend-design",
        "eager": false
      }
    },
    "@prpm/creating-skills-skill#claude": {
      "version": "1.0.4",
      "resolved": "https://registry.prpm.dev/api/v1/packages/%40prpm%2Fcreating-skills-skill/1.0.4.tar.gz",
      "integrity": "sha256-845d12bda6e5b37ed3177e2a867f57319327704b2206d58643d8e06cecb64241",
      "format": "claude",
      "subtype": "skill",
      "sourceFormat": "claude",
      "sourceSubtype": "skill",
      "installedPath": ".claude/skills/creating-skills-skill/SKILL.md"
    },
    "@prpm/prpm-json-best-practices-skill#claude": {
      "version": "1.2.0",
      "resolved": "https://registry.prpm.dev/api/v1/packages/%40prpm%2Fprpm-json-best-practices-skill/1.2.0.tar.gz",
      "integrity": "sha256-13f5c9204ef0db4cd37ef2339fa9cc5743de993c73244230760e73612476d826",
      "format": "claude",
      "subtype": "skill",
      "sourceFormat": "claude",
      "sourceSubtype": "skill",
      "installedPath": ".claude/skills/prpm-json-best-practices-skill"
    },
    "@prpm/creating-claude-rules-skill#claude": {
      "version": "1.0.0",
      "resolved": "https://registry.prpm.dev/api/v1/packages/%40prpm%2Fcreating-claude-rules-skill/1.0.0.tar.gz",
      "integrity": "sha256-5d348d29c6e9abe5b1f0328a3868094b47dddc60192fc6b8f0a364797ce62878",
      "format": "claude",
      "subtype": "skill",
      "sourceFormat": "claude",
      "sourceSubtype": "skill",
      "installedPath": ".claude/skills/creating-claude-rules-skill/SKILL.md"
    },
    "@prpm/creating-claude-agents-skill#claude": {
      "version": "1.0.0",
      "resolved": "https://registry.prpm.dev/api/v1/packages/%40prpm%2Fcreating-claude-agents-skill/1.0.0.tar.gz",
      "integrity": "sha256-d1aca9da6acab91815edf1012c94936e151b9aad77adf8ab0e7fedad8b6b8fef",
      "format": "claude",
      "subtype": "skill",
      "sourceFormat": "claude",
      "sourceSubtype": "skill",
      "installedPath": ".claude/skills/creating-claude-agents-skill/SKILL.md"
    },
    "@my-senior-dev/implementing-command-palettes#claude": {
      "version": "1.0.0",
      "resolved": "https://registry.prpm.dev/api/v1/packages/%40my-senior-dev%2Fimplementing-command-palettes/1.0.0.tar.gz",
      "integrity": "sha256-3f3a75beab22156810ca7a1d57311c71c79e5b5368f02032b43e84912c0e9d85",
      "format": "claude",
      "subtype": "skill",
      "sourceFormat": "claude",
      "sourceSubtype": "skill",
      "installedPath": ".claude/skills/implementing-command-palettes/SKILL.md"
    },
    "@agent-relay/agent-relay-snippet#agents.md": {
      "version": "1.0.0",
      "resolved": "https://registry.prpm.dev/api/v1/packages/%40agent-relay%2Fagent-relay-snippet/1.0.0.tar.gz",
      "integrity": "sha256-e002400917acf3e15e5fbe649ccfd9c7a0752ba663b528ff42999a00c1b7b4b1",
      "format": "agents.md",
      "subtype": "snippet",
      "sourceFormat": "generic",
      "sourceSubtype": "snippet",
      "installedPath": "AGENTS.md",
      "snippetMetadata": {
        "targetPath": "AGENTS.md",
        "config": {
          "target": "AGENTS.md",
          "position": "append"
        }
      }
    },
    "@agent-workforce/trail-snippet#agents.md": {
      "version": "1.0.0",
      "resolved": "https://registry.prpm.dev/api/v1/packages/%40agent-workforce%2Ftrail-snippet/1.0.0.tar.gz",
      "integrity": "sha256-3b39b2befbd2a832296efe84f23c6a22eb047486974f5cb780a93b461e27720e",
      "format": "agents.md",
      "subtype": "snippet",
      "sourceFormat": "generic",
      "sourceSubtype": "snippet",
      "installedPath": "AGENTS.md",
      "snippetMetadata": {
        "targetPath": "AGENTS.md",
        "config": {
          "target": "AGENTS.md",
          "position": "append"
        }
      }
    },
    "@my-senior-dev/github-oauth-nango-integration#claude": {
      "version": "1.0.0",
      "resolved": "https://registry.prpm.dev/api/v1/packages/%40my-senior-dev%2Fgithub-oauth-nango-integration/1.0.0.tar.gz",
      "integrity": "sha256-71a1a37a07f18a475f6aa21b68a0ca785ebb3b86547ac9140ddf4e6cdda57b2f",
      "format": "claude",
      "subtype": "skill",
      "sourceFormat": "claude",
      "sourceSubtype": "skill",
      "installedPath": ".claude/skills/github-oauth-nango-integration/SKILL.md"
    },
    "@agent-relay/agent-relay-snippet#agents.md:AGENTS.md": {
      "version": "1.0.5",
      "resolved": "https://registry.prpm.dev/api/v1/packages/%40agent-relay%2Fagent-relay-snippet/1.0.5.tar.gz",
      "integrity": "sha256-cec9b1a517a9858d4c2583cac4addf074796a19583ed506797a1d7467bda5c90",
      "format": "agents.md",
      "subtype": "snippet",
      "sourceFormat": "generic",
      "sourceSubtype": "snippet",
      "installedPath": "AGENTS.md",
      "snippetMetadata": {
        "targetPath": "AGENTS.md",
        "config": {
          "target": "AGENTS.md",
          "position": "append"
        }
      }
    },
    "@agent-relay/agent-relay-protocol#agents.md:AGENTS.md": {
      "version": "1.0.1",
      "resolved": "https://registry.prpm.dev/api/v1/packages/%40agent-relay%2Fagent-relay-protocol/1.0.1.tar.gz",
      "integrity": "sha256-64f1f0eb15985079ac30594e8c7a5f41012f8efec80d8c5dc2059f11e2565f65",
      "format": "agents.md",
      "subtype": "snippet",
      "sourceFormat": "generic",
      "sourceSubtype": "snippet",
      "installedPath": "AGENTS.md",
      "snippetMetadata": {
        "targetPath": "AGENTS.md",
        "config": {
          "target": "AGENTS.md",
          "position": "append"
        }
      }
    },
    "@my-senior-dev/browser-testing-with-screenshots#claude": {
      "version": "1.0.0",
      "resolved": "https://registry.prpm.dev/api/v1/packages/%40my-senior-dev%2Fbrowser-testing-with-screenshots/1.0.0.tar.gz",
      "integrity": "sha256-d0443e43bc37284cbe81003649536ffa961bc672cb38c83696d6786c75d5a334",
      "format": "claude",
      "subtype": "skill",
      "sourceFormat": "claude",
      "sourceSubtype": "skill",
      "installedPath": ".claude/skills/browser-testing-with-screenshots/SKILL.md"
    }
  },
  "generated": "2026-01-03T15:28:59.485Z"
}